
Microsoft Visual Studio Solution File, Format Version 12.00
# Visual Studio Version 17
VisualStudioVersion = 17.10.35122.118
MinimumVisualStudioVersion = 10.0.40219.1
Project("{8BC9CEB8-8B4A-11D0-8D11-00A0C91BC942}") = "day02", "day02.vcxproj", "{F171EB84-5BB2-43F1-BE8E-FC24DA075DF7}"
EndProject
Global
	GlobalSection(SolutionConfigurationPlatforms) = preSolution
		Debug|x64 = Debug|x64
		Debug|x86 = Debug|x86
		Release|x64 = Release|x64
		Release|x86 = Release|x86
	EndGlobalSection
	GlobalSection(ProjectConfigurationPlatforms) = postSolution
		{F171EB84-5BB2-43F1-BE8E-FC24DA075DF7}.Debug|x64.ActiveCfg = Debug|x64
		{F171EB84-5BB2-43F1-BE8E-FC24DA075DF7}.Debug|x64.Build.0 = Debug|x64
		{F171EB84-5BB2-43F1-BE8E-FC24DA075DF7}.Debug|x86.ActiveCfg = Debug|Win32
		{F171EB84-5BB2-43F1-BE8E-FC24DA075DF7}.Debug|x86.Build.0 = Debug|Win32
		{F171EB84-5BB2-43F1-BE8E-FC24DA075DF7}.Release|x64.ActiveCfg = Release|x64
		{F171EB84-5BB2-43F1-BE8E-FC24DA075DF7}.Release|x64.Build.0 = Release|x64
		{F171EB84-5BB2-43F1-BE8E-FC24DA075DF7}.Release|x86.ActiveCfg = Release|Win32
		{F171EB84-5BB2-43F1-BE8E-FC24DA075DF7}.Release|x86.Build.0 = Release|Win32
	EndGlobalSection
	GlobalSection(SolutionProperties) = preSolution
		HideSolutionNode = FALSE
	EndGlobalSection
	GlobalSection(ExtensibilityGlobals) = postSolution
		SolutionGuid = {AA2AC7BE-F3D6-4488-885D-60ECD5FAB4C8}
	EndGlobalSection
EndGlobal
